
Microsoft Visual Studio Solution File, Format Version 12.00
# Visual Studio Version 17
VisualStudioVersion = 17.14.37111.16 d17.14
MinimumVisualStudioVersion = 10.0.40219.1
Project("{FAE04EC0-301F-11D3-BF4B-00C04F79EFBC}") = "App.Shared", "App.Shared\App.Shared.csproj", "{06EFCED6-BFC7-49FC-858F-4A3B46E8CCDB}"
EndProject
Project("{FAE04EC0-301F-11D3-BF4B-00C04F79EFBC}") = "App.API", "App.API\App.API.csproj", "{4492816A-F975-4D1F-9FDE-B16DF9B6C5A0}"
EndProject
Project("{FAE04EC0-301F-11D3-BF4B-00C04F79EFBC}") = "App.Handlers", "App.Handlers\App.Handlers.csproj", "{CD055A42-0524-48D5-9CF1-2BEDBB2E12CE}"
EndProject
Project("{2150E333-8FDC-42A3-9474-1A3956D46DE8}") = "Solution Items", "Solution Items", "{8EC462FD-D22E-90A8-E5CE-7E832BA40C5D}"
	ProjectSection(SolutionItems) = preProject
		Directory.Packages.props = Directory.Packages.props
	EndProjectSection
EndProject
Global
	GlobalSection(SolutionConfigurationPlatforms) = preSolution
		Debug|Any CPU = Debug|Any CPU
		Release|Any CPU = Release|Any CPU
	EndGlobalSection
	GlobalSection(ProjectConfigurationPlatforms) = postSolution
		{06EFCED6-BFC7-49FC-858F-4A3B46E8CCDB}.Debug|Any CPU.ActiveCfg = Debug|Any CPU
		{06EFCED6-BFC7-49FC-858F-4A3B46E8CCDB}.Debug|Any CPU.Build.0 = Debug|Any CPU
		{06EFCED6-BFC7-49FC-858F-4A3B46E8CCDB}.Release|Any CPU.ActiveCfg = Release|Any CPU
		{06EFCED6-BFC7-49FC-858F-4A3B46E8CCDB}.Release|Any CPU.Build.0 = Release|Any CPU
		{4492816A-F975-4D1F-9FDE-B16DF9B6C5A0}.Debug|Any CPU.ActiveCfg = Debug|Any CPU
		{4492816A-F975-4D1F-9FDE-B16DF9B6C5A0}.Debug|Any CPU.Build.0 = Debug|Any CPU
		{4492816A-F975-4D1F-9FDE-B16DF9B6C5A0}.Release|Any CPU.ActiveCfg = Release|Any CPU
		{4492816A-F975-4D1F-9FDE-B16DF9B6C5A0}.Release|Any CPU.Build.0 = Release|Any CPU
		{CD055A42-0524-48D5-9CF1-2BEDBB2E12CE}.Debug|Any CPU.ActiveCfg = Debug|Any CPU
		{CD055A42-0524-48D5-9CF1-2BEDBB2E12CE}.Debug|Any CPU.Build.0 = Debug|Any CPU
		{CD055A42-0524-48D5-9CF1-2BEDBB2E12CE}.Release|Any CPU.ActiveCfg = Release|Any CPU
		{CD055A42-0524-48D5-9CF1-2BEDBB2E12CE}.Release|Any CPU.Build.0 = Release|Any CPU
	EndGlobalSection
	GlobalSection(SolutionProperties) = preSolution
		HideSolutionNode = FALSE
	EndGlobalSection
	GlobalSection(ExtensibilityGlobals) = postSolution
		SolutionGuid = {028581E8-CF14-40DC-81FF-0D6EA6C974B5}
	EndGlobalSection
EndGlobal
